
Microsoft Visual Studio Solution File, Format Version 12.00
# Visual Studio Version 16
VisualStudioVersion = 16.0.31515.178
MinimumVisualStudioVersion = 10.0.40219.1
Project("{FAE04EC0-301F-11D3-BF4B-00C04F79EFBC}") = "Siderion Reloaded", "Siderion Reloaded\Siderion Reloaded.csproj", "{5EFB0EF8-95E7-451C-8CB7-9FD29893361E}"
EndProject
Global
	GlobalSection(SolutionConfigurationPlatforms) = preSolution
		Debug|Any CPU = Debug|Any CPU
		Release|Any CPU = Release|Any CPU
	EndGlobalSection
	GlobalSection(ProjectConfigurationPlatforms) = postSolution
		{5EFB0EF8-95E7-451C-8CB7-9FD29893361E}.Debug|Any CPU.ActiveCfg = Debug|Any CPU
		{5EFB0EF8-95E7-451C-8CB7-9FD29893361E}.Debug|Any CPU.Build.0 = Debug|Any CPU
		{5EFB0EF8-95E7-451C-8CB7-9FD29893361E}.Release|Any CPU.ActiveCfg = Release|Any CPU
		{5EFB0EF8-95E7-451C-8CB7-9FD29893361E}.Release|Any CPU.Build.0 = Release|Any CPU
	EndGlobalSection
	GlobalSection(SolutionProperties) = preSolution
		HideSolutionNode = FALSE
	EndGlobalSection
	GlobalSection(ExtensibilityGlobals) = postSolution
		SolutionGuid = {56E5C851-D8C3-4B3D-9368-9DAF86A0E7F6}
	EndGlobalSection
EndGlobal
